{
  "name": "fake",
  "lockfileVersion": 2,
  "requires": true,
  "packages": {
    "": {
      "engines": {
        "node": "18.14"
      }
    },
    "node_modules/foo": {
      "engines": {
        "node": "18.13"
      }
    }
  },
  "dependencies": {
    "node_modules/foo": {
      "engines": {
        "node": "18.13"
      }
    }
  }
}
