{
  "$schema": "http://json-schema.org/draft-04/schema#",
  "title": "JSON schema for NPM package-lock.json files",
  "definitions": {
    "package": {
      "description": "A package.",
      "type": "object",
      "additionalProperties": true,
      "properties": {
        "engines": {
          "anyOf": [
            {
              "type": "object",
              "properties": {
                "node": {
                  "type": "string"
                }
              },
              "additionalProperties": true
            },
            {
              "type": "array",
              "items": [
                {
                  "type": "string"
                }
              ]
            }
          ]
        }
      }
    }
  },
  "type": "object",
  "required": [
    "packages"
  ],
  "additionalProperties": true,
  "properties": {
    "packages": {
      "type": "object",
      "patternProperties": {
        "^(?:(?:node_modules/)?(?:@[a-z0-9-*~][a-z0-9-*._~]*/)?[a-z0-9-~][a-z0-9-._~]*/?){0,2}$": {
          "$ref": "#/definitions/package"
        }
      }
    }
  }
}
